
Microsoft Visual Studio Solution File, Format Version 12.00
# Visual Studio Version 16
VisualStudioVersion = 16.0.29709.97
MinimumVisualStudioVersion = 10.0.40219.1
Project("{8BC9CEB8-8B4A-11D0-8D11-00A0C91BC942}") = "carWash", "carWash\carWash.vcxproj", "{926D0979-BD37-41E9-84CC-B455AEC4CDBD}"
EndProject
Global
	GlobalSection(SolutionConfigurationPlatforms) = preSolution
		Debug|x64 = Debug|x64
		Debug|x86 = Debug|x86
		Release|x64 = Release|x64
		Release|x86 = Release|x86
	EndGlobalSection
	GlobalSection(ProjectConfigurationPlatforms) = postSolution
		{926D0979-BD37-41E9-84CC-B455AEC4CDBD}.Debug|x64.ActiveCfg = Debug|x64
		{926D0979-BD37-41E9-84CC-B455AEC4CDBD}.Debug|x64.Build.0 = Debug|x64
		{926D0979-BD37-41E9-84CC-B455AEC4CDBD}.Debug|x86.ActiveCfg = Debug|Win32
		{926D0979-BD37-41E9-84CC-B455AEC4CDBD}.Debug|x86.Build.0 = Debug|Win32
		{926D0979-BD37-41E9-84CC-B455AEC4CDBD}.Release|x64.ActiveCfg = Release|x64
		{926D0979-BD37-41E9-84CC-B455AEC4CDBD}.Release|x64.Build.0 = Release|x64
		{926D0979-BD37-41E9-84CC-B455AEC4CDBD}.Release|x86.ActiveCfg = Release|Win32
		{926D0979-BD37-41E9-84CC-B455AEC4CDBD}.Release|x86.Build.0 = Release|Win32
	EndGlobalSection
	GlobalSection(SolutionProperties) = preSolution
		HideSolutionNode = FALSE
	EndGlobalSection
	GlobalSection(ExtensibilityGlobals) = postSolution
		SolutionGuid = {DD34A8E6-2807-4A6F-AFFB-162FE4DB548F}
	EndGlobalSection
EndGlobal
